
Microsoft Visual Studio Solution File, Format Version 12.00
# Visual Studio Version 16
VisualStudioVersion = 16.0.29613.14
MinimumVisualStudioVersion = 10.0.40219.1
Project("{2150E333-8FDC-42A3-9474-1A3956D46DE8}") = "Class Library Projects", "Class Library Projects", "{2875886E-4166-4CFB-9BC3-E8A15EF27268}"
EndProject
Project("{2150E333-8FDC-42A3-9474-1A3956D46DE8}") = "Web Projects", "Web Projects", "{6E681CBD-9527-44C7-8728-AAD8A67B41E9}"
EndProject
Project("{2150E333-8FDC-42A3-9474-1A3956D46DE8}") = "Test Projects", "Test Projects", "{19C8889F-86A1-4FA3-8C51-C8DA5BDB52C2}"
EndProject
Project("{9A19103F-16F7-4668-BE54-9A1E7A4F7556}") = "MoroderWebApp", "MoroderWebApp\MoroderWebApp.csproj", "{95A211F8-A82A-4526-8298-EEF38EECFCBF}"
EndProject
Project("{9A19103F-16F7-4668-BE54-9A1E7A4F7556}") = "KraftwerkAPI", "KraftwerkAPI\KraftwerkAPI.csproj", "{FC5BE5B0-FCB4-479E-AF4E-9E3E16931367}"
EndProject
Project("{9A19103F-16F7-4668-BE54-9A1E7A4F7556}") = "Kraftwerk.Tests", "Kraftwerk.Tests\Kraftwerk.Tests.csproj", "{7239B020-3900-456A-9C9C-C90A124997BA}"
EndProject
Project("{9A19103F-16F7-4668-BE54-9A1E7A4F7556}") = "Kraftwerk.Business", "Kraftwerk.Business\Kraftwerk.Business.csproj", "{5C2284C6-BFC4-42CC-A9E4-FCF32FC38EEB}"
EndProject
Project("{9A19103F-16F7-4668-BE54-9A1E7A4F7556}") = "Kraftwerk.ValueObjects", "Kraftwerk.ValueObjects\Kraftwerk.ValueObjects.csproj", "{4FE15A5E-E409-4ACE-B31F-49EFF64FA9EF}"
EndProject
Project("{FAE04EC0-301F-11D3-BF4B-00C04F79EFBC}") = "Moroder.Business", "Moroder.Business\Moroder.Business.csproj", "{B6F6861A-7AA2-4D04-A2A0-4BA8894FEA0A}"
EndProject
Global
	GlobalSection(SolutionConfigurationPlatforms) = preSolution
		Debug|Any CPU = Debug|Any CPU
		Release|Any CPU = Release|Any CPU
	EndGlobalSection
	GlobalSection(ProjectConfigurationPlatforms) = postSolution
		{95A211F8-A82A-4526-8298-EEF38EECFCBF}.Debug|Any CPU.ActiveCfg = Debug|Any CPU
		{95A211F8-A82A-4526-8298-EEF38EECFCBF}.Debug|Any CPU.Build.0 = Debug|Any CPU
		{95A211F8-A82A-4526-8298-EEF38EECFCBF}.Release|Any CPU.ActiveCfg = Release|Any CPU
		{95A211F8-A82A-4526-8298-EEF38EECFCBF}.Release|Any CPU.Build.0 = Release|Any CPU
		{FC5BE5B0-FCB4-479E-AF4E-9E3E16931367}.Debug|Any CPU.ActiveCfg = Debug|Any CPU
		{FC5BE5B0-FCB4-479E-AF4E-9E3E16931367}.Debug|Any CPU.Build.0 = Debug|Any CPU
		{FC5BE5B0-FCB4-479E-AF4E-9E3E16931367}.Release|Any CPU.ActiveCfg = Release|Any CPU
		{FC5BE5B0-FCB4-479E-AF4E-9E3E16931367}.Release|Any CPU.Build.0 = Release|Any CPU
		{7239B020-3900-456A-9C9C-C90A124997BA}.Debug|Any CPU.ActiveCfg = Debug|Any CPU
		{7239B020-3900-456A-9C9C-C90A124997BA}.Debug|Any CPU.Build.0 = Debug|Any CPU
		{7239B020-3900-456A-9C9C-C90A124997BA}.Release|Any CPU.ActiveCfg = Release|Any CPU
		{7239B020-3900-456A-9C9C-C90A124997BA}.Release|Any CPU.Build.0 = Release|Any CPU
		{5C2284C6-BFC4-42CC-A9E4-FCF32FC38EEB}.Debug|Any CPU.ActiveCfg = Debug|Any CPU
		{5C2284C6-BFC4-42CC-A9E4-FCF32FC38EEB}.Debug|Any CPU.Build.0 = Debug|Any CPU
		{5C2284C6-BFC4-42CC-A9E4-FCF32FC38EEB}.Release|Any CPU.ActiveCfg = Release|Any CPU
		{5C2284C6-BFC4-42CC-A9E4-FCF32FC38EEB}.Release|Any CPU.Build.0 = Release|Any CPU
		{4FE15A5E-E409-4ACE-B31F-49EFF64FA9EF}.Debug|Any CPU.ActiveCfg = Debug|Any CPU
		{4FE15A5E-E409-4ACE-B31F-49EFF64FA9EF}.Debug|Any CPU.Build.0 = Debug|Any CPU
		{4FE15A5E-E409-4ACE-B31F-49EFF64FA9EF}.Release|Any CPU.ActiveCfg = Release|Any CPU
		{4FE15A5E-E409-4ACE-B31F-49EFF64FA9EF}.Release|Any CPU.Build.0 = Release|Any CPU
		{B6F6861A-7AA2-4D04-A2A0-4BA8894FEA0A}.Debug|Any CPU.ActiveCfg = Debug|Any CPU
		{B6F6861A-7AA2-4D04-A2A0-4BA8894FEA0A}.Debug|Any CPU.Build.0 = Debug|Any CPU
		{B6F6861A-7AA2-4D04-A2A0-4BA8894FEA0A}.Release|Any CPU.ActiveCfg = Release|Any CPU
		{B6F6861A-7AA2-4D04-A2A0-4BA8894FEA0A}.Release|Any CPU.Build.0 = Release|Any CPU
	EndGlobalSection
	GlobalSection(SolutionProperties) = preSolution
		HideSolutionNode = FALSE
	EndGlobalSection
	GlobalSection(NestedProjects) = preSolution
		{95A211F8-A82A-4526-8298-EEF38EECFCBF} = {6E681CBD-9527-44C7-8728-AAD8A67B41E9}
		{FC5BE5B0-FCB4-479E-AF4E-9E3E16931367} = {6E681CBD-9527-44C7-8728-AAD8A67B41E9}
		{7239B020-3900-456A-9C9C-C90A124997BA} = {19C8889F-86A1-4FA3-8C51-C8DA5BDB52C2}
		{5C2284C6-BFC4-42CC-A9E4-FCF32FC38EEB} = {2875886E-4166-4CFB-9BC3-E8A15EF27268}
		{4FE15A5E-E409-4ACE-B31F-49EFF64FA9EF} = {2875886E-4166-4CFB-9BC3-E8A15EF27268}
		{B6F6861A-7AA2-4D04-A2A0-4BA8894FEA0A} = {2875886E-4166-4CFB-9BC3-E8A15EF27268}
	EndGlobalSection
	GlobalSection(ExtensibilityGlobals) = postSolution
		SolutionGuid = {2F059F69-337D-4A45-AC88-5345DCFCFAAE}
	EndGlobalSection
EndGlobal
