
Microsoft Visual Studio Solution File, Format Version 12.00
# Visual Studio Version 16
VisualStudioVersion = 16.0.29613.14
MinimumVisualStudioVersion = 10.0.40219.1
Project("{2150E333-8FDC-42A3-9474-1A3956D46DE8}") = "Class Library Projects", "Class Library Projects", "{2875886E-4166-4CFB-9BC3-E8A15EF27268}"
EndProject
Project("{2150E333-8FDC-42A3-9474-1A3956D46DE8}") = "Web Projects", "Web Projects", "{6E681CBD-9527-44C7-8728-AAD8A67B41E9}"
EndProject
Project("{2150E333-8FDC-42A3-9474-1A3956D46DE8}") = "Test Projects", "Test Projects", "{19C8889F-86A1-4FA3-8C51-C8DA5BDB52C2}"
EndProject
Project("{FAE04EC0-301F-11D3-BF4B-00C04F79EFBC}") = "MoroderWebApp", "MoroderWebApp\MoroderWebApp.csproj", "{95A211F8-A82A-4526-8298-EEF38EECFCBF}"
EndProject
Project("{FAE04EC0-301F-11D3-BF4B-00C04F79EFBC}") = "KraftwerkAPI", "KraftwerkAPI\KraftwerkAPI.csproj", "{FC5BE5B0-FCB4-479E-AF4E-9E3E16931367}"
EndProject
Global
	GlobalSection(SolutionConfigurationPlatforms) = preSolution
		Debug|Any CPU = Debug|Any CPU
		Release|Any CPU = Release|Any CPU
	EndGlobalSection
	GlobalSection(ProjectConfigurationPlatforms) = postSolution
		{95A211F8-A82A-4526-8298-EEF38EECFCBF}.Debug|Any CPU.ActiveCfg = Debug|Any CPU
		{95A211F8-A82A-4526-8298-EEF38EECFCBF}.Debug|Any CPU.Build.0 = Debug|Any CPU
		{95A211F8-A82A-4526-8298-EEF38EECFCBF}.Release|Any CPU.ActiveCfg = Release|Any CPU
		{95A211F8-A82A-4526-8298-EEF38EECFCBF}.Release|Any CPU.Build.0 = Release|Any CPU
		{FC5BE5B0-FCB4-479E-AF4E-9E3E16931367}.Debug|Any CPU.ActiveCfg = Debug|Any CPU
		{FC5BE5B0-FCB4-479E-AF4E-9E3E16931367}.Debug|Any CPU.Build.0 = Debug|Any CPU
		{FC5BE5B0-FCB4-479E-AF4E-9E3E16931367}.Release|Any CPU.ActiveCfg = Release|Any CPU
		{FC5BE5B0-FCB4-479E-AF4E-9E3E16931367}.Release|Any CPU.Build.0 = Release|Any CPU
	EndGlobalSection
	GlobalSection(SolutionProperties) = preSolution
		HideSolutionNode = FALSE
	EndGlobalSection
	GlobalSection(NestedProjects) = preSolution
		{95A211F8-A82A-4526-8298-EEF38EECFCBF} = {6E681CBD-9527-44C7-8728-AAD8A67B41E9}
		{FC5BE5B0-FCB4-479E-AF4E-9E3E16931367} = {6E681CBD-9527-44C7-8728-AAD8A67B41E9}
	EndGlobalSection
	GlobalSection(ExtensibilityGlobals) = postSolution
		SolutionGuid = {2F059F69-337D-4A45-AC88-5345DCFCFAAE}
	EndGlobalSection
EndGlobal
